lockVersion: 2.0.0
id: 9da7e9a7-3501-4701-b932-661d9e12d555
management:
  docChecksum: c3923c2245d464f7f8ed9ddd6c60ba0c
  docVersion: 1.0.0
  speakeasyVersion: 1.656.1
  generationVersion: 2.753.1
  releaseVersion: 0.2.0
  configChecksum: 0e7cdb24c96cb33b3ef501d49cb725fe
  repoURL: https://github.com/rijnhardtkotze/investec-za-pb-python.git
  installationURL: https://github.com/rijnhardtkotze/investec-za-pb-python.git
  published: true
features:
  python:
    additionalDependencies: 1.0.0
    core: 5.23.6
    defaultEnabledRetries: 0.2.0
    deprecations: 3.0.2
    devContainers: 3.0.0
    enumUnions: 0.1.0
    envVarSecurityUsage: 0.3.2
    flatRequests: 1.0.1
    flattening: 3.1.1
    globalSecurity: 3.0.4
    globalSecurityCallbacks: 1.0.0
    globalSecurityFlattening: 1.0.0
    globalServerURLs: 3.2.0
    groups: 3.0.1
    methodArguments: 1.0.2
    nameOverrides: 3.0.1
    nullables: 1.0.1
    responseFormat: 1.0.1
    retries: 3.0.2
    sdkHooks: 1.1.0
generatedFiles:
  - .devcontainer/README.md
  - .devcontainer/devcontainer.json
  - .devcontainer/setup.sh
  - .gitattributes
  - .vscode/settings.json
  - USAGE.md
  - docs/models/accountsaccounts.md
  - docs/models/accountspendingtransactionsdata.md
  - docs/models/accountspendingtransactionslinks.md
  - docs/models/accountspendingtransactionsmeta.md
  - docs/models/accountspendingtransactionsrequest.md
  - docs/models/accountspendingtransactionsresponsebody.md
  - docs/models/accountspendingtransactionsstatus.md
  - docs/models/accountspendingtransactionstype.md
  - docs/models/accountsresponsebody.md
  - docs/models/accountstransactionsdata.md
  - docs/models/accountstransactionslinks.md
  - docs/models/accountstransactionsmeta.md
  - docs/models/accountstransactionsrequest.md
  - docs/models/accountstransactionsresponsebody.md
  - docs/models/authorisationsetupdetailsdata.md
  - docs/models/authorisationsetupdetailslinks.md
  - docs/models/authorisationsetupdetailsmeta.md
  - docs/models/authorisationsetupdetailsrequest.md
  - docs/models/authorisationsetupdetailsresponsebody.md
  - docs/models/authoriserslista.md
  - docs/models/authoriserslistb.md
  - docs/models/balancedata.md
  - docs/models/balancelinks.md
  - docs/models/balancemeta.md
  - docs/models/balancerequest.md
  - docs/models/balanceresponsebody.md
  - docs/models/beneficiariesdata.md
  - docs/models/beneficiarieslinks.md
  - docs/models/beneficiariesmeta.md
  - docs/models/beneficiariesresponsebody.md
  - docs/models/beneficiarycategoriesdata.md
  - docs/models/beneficiarycategorieslinks.md
  - docs/models/beneficiarycategoriesmeta.md
  - docs/models/beneficiarycategoriesresponsebody.md
  - docs/models/data.md
  - docs/models/documentrequest.md
  - docs/models/documentsdata.md
  - docs/models/documentslinks.md
  - docs/models/documentsmeta.md
  - docs/models/documentsrequest.md
  - docs/models/documentsresponsebody.md
  - docs/models/links.md
  - docs/models/meta.md
  - docs/models/paybeneficiarydata.md
  - docs/models/paybeneficiarylinks.md
  - docs/models/paybeneficiarymeta.md
  - docs/models/paybeneficiaryrequest.md
  - docs/models/paybeneficiaryrequestbody.md
  - docs/models/paybeneficiaryresponsebody.md
  - docs/models/paybeneficiarytransferresponses.md
  - docs/models/paymentlist.md
  - docs/models/pendingtransaction.md
  - docs/models/period.md
  - docs/models/profileaccountsdata.md
  - docs/models/profileaccountslinks.md
  - docs/models/profileaccountsmeta.md
  - docs/models/profileaccountsrequest.md
  - docs/models/profileaccountsresponsebody.md
  - docs/models/profilebenefiariesdata.md
  - docs/models/profilebenefiarieslinks.md
  - docs/models/profilebenefiariesmeta.md
  - docs/models/profilebenefiariesrequest.md
  - docs/models/profilebenefiariesresponsebody.md
  - docs/models/profilesdata.md
  - docs/models/profileslinks.md
  - docs/models/profilesmeta.md
  - docs/models/profilesresponsebody.md
  - docs/models/security.md
  - docs/models/status.md
  - docs/models/transactions.md
  - docs/models/transferdata.md
  - docs/models/transferlinks.md
  - docs/models/transferlist.md
  - docs/models/transfermeta.md
  - docs/models/transferrequestbody.md
  - docs/models/transferresponse.md
  - docs/models/transferresponsebody.md
  - docs/models/transferresponses.md
  - docs/models/transfertransferresponses.md
  - docs/models/transferv2data.md
  - docs/models/transferv2links.md
  - docs/models/transferv2meta.md
  - docs/models/transferv2request.md
  - docs/models/transferv2requestbody.md
  - docs/models/transferv2responsebody.md
  - docs/models/transferv2transferlist.md
  - docs/models/type.md
  - docs/models/utils/retryconfig.md
  - docs/sdks/accounts/README.md
  - docs/sdks/beneficiaries/README.md
  - docs/sdks/documents/README.md
  - docs/sdks/interaccounttransfers/README.md
  - docs/sdks/profiles/README.md
  - poetry.toml
  - py.typed
  - pylintrc
  - pyproject.toml
  - scripts/prepare_readme.py
  - scripts/publish.sh
  - src/investec_za_pb/__init__.py
  - src/investec_za_pb/_hooks/__init__.py
  - src/investec_za_pb/_hooks/sdkhooks.py
  - src/investec_za_pb/_hooks/types.py
  - src/investec_za_pb/_version.py
  - src/investec_za_pb/accounts.py
  - src/investec_za_pb/basesdk.py
  - src/investec_za_pb/beneficiaries.py
  - src/investec_za_pb/documents.py
  - src/investec_za_pb/httpclient.py
  - src/investec_za_pb/interaccounttransfers.py
  - src/investec_za_pb/models/__init__.py
  - src/investec_za_pb/models/accountsop.py
  - src/investec_za_pb/models/accountspendingtransactionsop.py
  - src/investec_za_pb/models/accountstransactionsop.py
  - src/investec_za_pb/models/apierror.py
  - src/investec_za_pb/models/authorisationsetupdetailsop.py
  - src/investec_za_pb/models/balanceop.py
  - src/investec_za_pb/models/beneficiariesop.py
  - src/investec_za_pb/models/beneficiarycategoriesop.py
  - src/investec_za_pb/models/documentop.py
  - src/investec_za_pb/models/documentsop.py
  - src/investec_za_pb/models/investecerror.py
  - src/investec_za_pb/models/no_response_error.py
  - src/investec_za_pb/models/paybeneficiaryop.py
  - src/investec_za_pb/models/profileaccountsop.py
  - src/investec_za_pb/models/profilebenefiariesop.py
  - src/investec_za_pb/models/profilesop.py
  - src/investec_za_pb/models/responsevalidationerror.py
  - src/investec_za_pb/models/security.py
  - src/investec_za_pb/models/transferop.py
  - src/investec_za_pb/models/transferv2op.py
  - src/investec_za_pb/profiles.py
  - src/investec_za_pb/py.typed
  - src/investec_za_pb/sdk.py
  - src/investec_za_pb/sdkconfiguration.py
  - src/investec_za_pb/types/__init__.py
  - src/investec_za_pb/types/basemodel.py
  - src/investec_za_pb/utils/__init__.py
  - src/investec_za_pb/utils/annotations.py
  - src/investec_za_pb/utils/datetimes.py
  - src/investec_za_pb/utils/enums.py
  - src/investec_za_pb/utils/eventstreaming.py
  - src/investec_za_pb/utils/forms.py
  - src/investec_za_pb/utils/headers.py
  - src/investec_za_pb/utils/logger.py
  - src/investec_za_pb/utils/metadata.py
  - src/investec_za_pb/utils/queryparams.py
  - src/investec_za_pb/utils/requestbodies.py
  - src/investec_za_pb/utils/retries.py
  - src/investec_za_pb/utils/security.py
  - src/investec_za_pb/utils/serializers.py
  - src/investec_za_pb/utils/unmarshal_json_response.py
  - src/investec_za_pb/utils/url.py
  - src/investec_za_pb/utils/values.py
examples:
  accounts:
    speakeasy-default-accounts:
      responses:
        "200":
          application/json: {"data": {}, "links": {"self": "<value>"}, "meta": {}}
  balance:
    speakeasy-default-balance:
      parameters:
        path:
          accountId: "<id>"
      responses:
        "200":
          application/json: {"data": {"accountId": "<id>", "currentBalance": 8220.14, "availableBalance": 6651.63, "budgetBalance": 6329.76, "straightBalance": 1075.08, "cashBalance": 6333.95, "currency": "New Leu"}, "links": {"self": "<value>"}, "meta": {}}
  accountsTransactions:
    speakeasy-default-accounts-transactions:
      parameters:
        path:
          accountId: "<id>"
        query:
          fromDate: "2021-05-01"
          toDate: "2021-06-01"
          transactionType: "FeesAndInterest"
      responses:
        "200":
          application/json: {"data": {}, "links": {"self": "<value>"}, "meta": {}}
  accountsPendingTransactions:
    speakeasy-default-accounts-pending-transactions:
      parameters:
        path:
          accountId: "<id>"
      responses:
        "200":
          application/json: {"data": {}, "links": {"self": "<value>"}, "meta": {}}
  profileaccounts:
    speakeasy-default-profileaccounts:
      parameters:
        path:
          profileid: "10190798011073"
      responses:
        "200":
          application/json: {"data": [{"accountId": "<id>", "accountNumber": "<value>", "accountName": "<value>", "referenceName": "<value>", "productName": "<value>", "kycCompliant": false, "profileId": "<id>", "profileName": "<value>"}], "links": {"self": "<value>"}, "meta": {}}
  authorisationsetupdetails:
    speakeasy-default-authorisationsetupdetails:
      parameters:
        path:
          profileid: "4643233712010169349094403"
          accountid: "10190798011073"
      responses:
        "200":
          application/json: {"data": {}, "meta": {}, "links": {"self": "<value>"}}
  profilebenefiaries:
    speakeasy-default-profilebenefiaries:
      parameters:
        path:
          profileid: "4643233712010169349094403"
          accountid: "10190798011073"
      responses:
        "200":
          application/json: {"data": [], "meta": {}, "links": {"self": "<value>"}}
  transfer:
    speakeasy-default-transfer:
      requestBody:
        application/json: {"accountId": "XXXXXX"}
      responses:
        "200":
          application/json: {"data": {}, "meta": {}, "links": {"self": "<value>"}}
  transferv2:
    speakeasy-default-transferv2:
      parameters:
        path:
          accountId: "<id>"
      requestBody:
        application/json: {}
      responses:
        "200":
          application/json: {"data": {}, "meta": {}, "links": {"self": "<value>"}}
  payBeneficiary:
    speakeasy-default-pay-beneficiary:
      parameters:
        path:
          accountId: "3353431574710163189587446"
      requestBody:
        application/json: {}
      responses:
        "200":
          application/json: {"data": {}, "meta": {}, "links": {"self": "<value>"}}
  beneficiaries:
    speakeasy-default-beneficiaries:
      responses:
        "200":
          application/json: {"data": [], "meta": {}, "links": {"self": "<value>"}}
  beneficiaryCategories:
    speakeasy-default-beneficiary-categories:
      responses:
        "200":
          application/json: {"data": {}, "meta": {}, "links": {"self": "<value>"}}
  profiles:
    speakeasy-default-profiles:
      responses:
        "200":
          application/json: {"data": [], "meta": {}, "links": {"self": "<value>"}}
  documents:
    speakeasy-default-documents:
      parameters:
        path:
          accountId: "<id>"
        query:
          fromDate: "2023-04-01"
          toDate: "2023-06-01"
      responses:
        "200":
          application/json: {"data": [], "meta": {}, "links": {"self": "<value>"}}
  document:
    speakeasy-default-document:
      parameters:
        path:
          accountId: "<id>"
          documentType: "<value>"
          documentDate: "<value>"
examplesVersion: 1.0.2
generatedTests: {}
