speakeasyVersion: 1.656.1
sources:
    SA PB Account Information:
        sourceNamespace: sa-pb-account-information
        sourceRevisionDigest: sha256:d4ec9a9fd79633d5568019bcd83a423a8538f12593cb3b66efaa2c044b94a703
        sourceBlobDigest: sha256:68f70efd538685cc02e4a686b7713d6b4ee778ce747a40691dff9e364baa388a
        tags:
            - latest
            - speakeasy-sdk-regen-1758759296
            - 1.0.0
targets:
    investec:
        source: SA PB Account Information
        sourceNamespace: sa-pb-account-information
        sourceRevisionDigest: sha256:d4ec9a9fd79633d5568019bcd83a423a8538f12593cb3b66efaa2c044b94a703
        sourceBlobDigest: sha256:68f70efd538685cc02e4a686b7713d6b4ee778ce747a40691dff9e364baa388a
        codeSamplesNamespace: sa-pb-account-information-python-code-samples
        codeSamplesRevisionDigest: sha256:4840772810395f81ca48a417fcc900a9cf0df84117e7fc46a6d7614f037cc422
workflow:
    workflowVersion: 1.0.0
    speakeasyVersion: latest
    sources:
        SA PB Account Information:
            inputs:
                - location: schema.json
            overlays:
                - location: .speakeasy/speakeasy-modifications-overlay.yaml
            registry:
                location: registry.speakeasyapi.dev/rijnhardtkotze/investec-za-pb/sa-pb-account-information
    targets:
        investec:
            target: python
            source: SA PB Account Information
            publish:
                pypi:
                    token: $pypi_token
            codeSamples:
                registry:
                    location: registry.speakeasyapi.dev/rijnhardtkotze/investec-za-pb/sa-pb-account-information-python-code-samples
                blocking: false
