speakeasyVersion: 1.493.0
sources:
    SA PB Account Information:
        sourceNamespace: sa-pb-account-information
        sourceRevisionDigest: sha256:1b0ff030300de4bc6003dc2e76b5f2a46f68768af0abe6970eea52c3fd333307
        sourceBlobDigest: sha256:e0ee1c5a93de14bd7fab7f7f5594e9630f77a3e47b275c7fa841fdae93332865
        tags:
            - latest
            - speakeasy-sdk-regen-1736554411
            - 1.0.0
targets:
    investec:
        source: SA PB Account Information
        sourceNamespace: sa-pb-account-information
        sourceRevisionDigest: sha256:1b0ff030300de4bc6003dc2e76b5f2a46f68768af0abe6970eea52c3fd333307
        sourceBlobDigest: sha256:e0ee1c5a93de14bd7fab7f7f5594e9630f77a3e47b275c7fa841fdae93332865
        codeSamplesNamespace: sa-pb-account-information-python-code-samples
        codeSamplesRevisionDigest: sha256:089f36b2f4b37f43e1b8eeef7628b70e100f3a67a4efc4dbb1595f93dc27e068
workflow:
    workflowVersion: 1.0.0
    speakeasyVersion: latest
    sources:
        SA PB Account Information:
            inputs:
                - location: schema.json
            overlays:
                - location: .speakeasy/speakeasy-modifications-overlay.yaml
            registry:
                location: registry.speakeasyapi.dev/rijnhardtkotze/investec-za-pb/sa-pb-account-information
    targets:
        investec:
            target: python
            source: SA PB Account Information
            publish:
                pypi:
                    token: $pypi_token
            codeSamples:
                registry:
                    location: registry.speakeasyapi.dev/rijnhardtkotze/investec-za-pb/sa-pb-account-information-python-code-samples
                blocking: false
